
Microsoft Visual Studio Solution File, Format Version 12.00
# Visual Studio Version 17
VisualStudioVersion = 17.5.2.0
MinimumVisualStudioVersion = 10.0.40219.1
Project("{2150E333-8FDC-42A3-9474-1A3956D46DE8}") = "src", "src", "{827E0CD3-B72D-47B6-A68D-7590B98EB39B}"
EndProject
Project("{FAE04EC0-301F-11D3-BF4B-00C04F79EFBC}") = "FlowState", "src\FlowState\FlowState.csproj", "{A7235BA6-1A88-3EA5-F72D-F758CE888719}"
EndProject
Project("{2150E333-8FDC-42A3-9474-1A3956D46DE8}") = "examples", "examples", "{B36A84DF-456D-A817-6EDD-3EC3E7F6E11F}"
EndProject
Project("{FAE04EC0-301F-11D3-BF4B-00C04F79EFBC}") = "FlowStateBlazorServer", "examples\FlowStateBlazorServer\FlowStateBlazorServer.csproj", "{1DFAB6FF-A21A-4CE2-B761-A928937B4166}"
EndProject
Project("{FAE04EC0-301F-11D3-BF4B-00C04F79EFBC}") = "FlowStateBlazorWasm", "examples\FlowStateBlazorWasm\FlowStateBlazorWasm.csproj", "{2319F040-9A18-4B43-9AB0-EADD7F5EA69B}"
EndProject
Project("{FAE04EC0-301F-11D3-BF4B-00C04F79EFBC}") = "SharedNodesLibrary", "examples\SharedNodesLibrary\SharedNodesLibrary.csproj", "{D66BE4A7-9C11-4D75-B09E-DD8E8999B2E5}"
EndProject
Global
	GlobalSection(SolutionConfigurationPlatforms) = preSolution
		Debug|Any CPU = Debug|Any CPU
		Debug|x64 = Debug|x64
		Debug|x86 = Debug|x86
		Release|Any CPU = Release|Any CPU
		Release|x64 = Release|x64
		Release|x86 = Release|x86
	EndGlobalSection
	GlobalSection(ProjectConfigurationPlatforms) = postSolution
		{A7235BA6-1A88-3EA5-F72D-F758CE888719}.Debug|Any CPU.ActiveCfg = Debug|Any CPU
		{A7235BA6-1A88-3EA5-F72D-F758CE888719}.Debug|Any CPU.Build.0 = Debug|Any CPU
		{A7235BA6-1A88-3EA5-F72D-F758CE888719}.Debug|x64.ActiveCfg = Debug|Any CPU
		{A7235BA6-1A88-3EA5-F72D-F758CE888719}.Debug|x64.Build.0 = Debug|Any CPU
		{A7235BA6-1A88-3EA5-F72D-F758CE888719}.Debug|x86.ActiveCfg = Debug|Any CPU
		{A7235BA6-1A88-3EA5-F72D-F758CE888719}.Debug|x86.Build.0 = Debug|Any CPU
		{A7235BA6-1A88-3EA5-F72D-F758CE888719}.Release|Any CPU.ActiveCfg = Release|Any CPU
		{A7235BA6-1A88-3EA5-F72D-F758CE888719}.Release|Any CPU.Build.0 = Release|Any CPU
		{A7235BA6-1A88-3EA5-F72D-F758CE888719}.Release|x64.ActiveCfg = Release|Any CPU
		{A7235BA6-1A88-3EA5-F72D-F758CE888719}.Release|x64.Build.0 = Release|Any CPU
		{A7235BA6-1A88-3EA5-F72D-F758CE888719}.Release|x86.ActiveCfg = Release|Any CPU
		{A7235BA6-1A88-3EA5-F72D-F758CE888719}.Release|x86.Build.0 = Release|Any CPU
		{1DFAB6FF-A21A-4CE2-B761-A928937B4166}.Debug|Any CPU.ActiveCfg = Debug|Any CPU
		{1DFAB6FF-A21A-4CE2-B761-A928937B4166}.Debug|Any CPU.Build.0 = Debug|Any CPU
		{1DFAB6FF-A21A-4CE2-B761-A928937B4166}.Debug|x64.ActiveCfg = Debug|Any CPU
		{1DFAB6FF-A21A-4CE2-B761-A928937B4166}.Debug|x64.Build.0 = Debug|Any CPU
		{1DFAB6FF-A21A-4CE2-B761-A928937B4166}.Debug|x86.ActiveCfg = Debug|Any CPU
		{1DFAB6FF-A21A-4CE2-B761-A928937B4166}.Debug|x86.Build.0 = Debug|Any CPU
		{1DFAB6FF-A21A-4CE2-B761-A928937B4166}.Release|Any CPU.ActiveCfg = Release|Any CPU
		{1DFAB6FF-A21A-4CE2-B761-A928937B4166}.Release|Any CPU.Build.0 = Release|Any CPU
		{1DFAB6FF-A21A-4CE2-B761-A928937B4166}.Release|x64.ActiveCfg = Release|Any CPU
		{1DFAB6FF-A21A-4CE2-B761-A928937B4166}.Release|x64.Build.0 = Release|Any CPU
		{1DFAB6FF-A21A-4CE2-B761-A928937B4166}.Release|x86.ActiveCfg = Release|Any CPU
		{1DFAB6FF-A21A-4CE2-B761-A928937B4166}.Release|x86.Build.0 = Release|Any CPU
		{2319F040-9A18-4B43-9AB0-EADD7F5EA69B}.Debug|Any CPU.ActiveCfg = Debug|Any CPU
		{2319F040-9A18-4B43-9AB0-EADD7F5EA69B}.Debug|Any CPU.Build.0 = Debug|Any CPU
		{2319F040-9A18-4B43-9AB0-EADD7F5EA69B}.Debug|x64.ActiveCfg = Debug|Any CPU
		{2319F040-9A18-4B43-9AB0-EADD7F5EA69B}.Debug|x64.Build.0 = Debug|Any CPU
		{2319F040-9A18-4B43-9AB0-EADD7F5EA69B}.Debug|x86.ActiveCfg = Debug|Any CPU
		{2319F040-9A18-4B43-9AB0-EADD7F5EA69B}.Debug|x86.Build.0 = Debug|Any CPU
		{2319F040-9A18-4B43-9AB0-EADD7F5EA69B}.Release|Any CPU.ActiveCfg = Release|Any CPU
		{2319F040-9A18-4B43-9AB0-EADD7F5EA69B}.Release|Any CPU.Build.0 = Release|Any CPU
		{2319F040-9A18-4B43-9AB0-EADD7F5EA69B}.Release|x64.ActiveCfg = Release|Any CPU
		{2319F040-9A18-4B43-9AB0-EADD7F5EA69B}.Release|x64.Build.0 = Release|Any CPU
		{2319F040-9A18-4B43-9AB0-EADD7F5EA69B}.Release|x86.ActiveCfg = Release|Any CPU
		{2319F040-9A18-4B43-9AB0-EADD7F5EA69B}.Release|x86.Build.0 = Release|Any CPU
		{D66BE4A7-9C11-4D75-B09E-DD8E8999B2E5}.Debug|Any CPU.ActiveCfg = Debug|Any CPU
		{D66BE4A7-9C11-4D75-B09E-DD8E8999B2E5}.Debug|Any CPU.Build.0 = Debug|Any CPU
		{D66BE4A7-9C11-4D75-B09E-DD8E8999B2E5}.Debug|x64.ActiveCfg = Debug|Any CPU
		{D66BE4A7-9C11-4D75-B09E-DD8E8999B2E5}.Debug|x64.Build.0 = Debug|Any CPU
		{D66BE4A7-9C11-4D75-B09E-DD8E8999B2E5}.Debug|x86.ActiveCfg = Debug|Any CPU
		{D66BE4A7-9C11-4D75-B09E-DD8E8999B2E5}.Debug|x86.Build.0 = Debug|Any CPU
		{D66BE4A7-9C11-4D75-B09E-DD8E8999B2E5}.Release|Any CPU.ActiveCfg = Release|Any CPU
		{D66BE4A7-9C11-4D75-B09E-DD8E8999B2E5}.Release|Any CPU.Build.0 = Release|Any CPU
		{D66BE4A7-9C11-4D75-B09E-DD8E8999B2E5}.Release|x64.ActiveCfg = Release|Any CPU
		{D66BE4A7-9C11-4D75-B09E-DD8E8999B2E5}.Release|x64.Build.0 = Release|Any CPU
		{D66BE4A7-9C11-4D75-B09E-DD8E8999B2E5}.Release|x86.ActiveCfg = Release|Any CPU
		{D66BE4A7-9C11-4D75-B09E-DD8E8999B2E5}.Release|x86.Build.0 = Release|Any CPU
	EndGlobalSection
	GlobalSection(SolutionProperties) = preSolution
		HideSolutionNode = FALSE
	EndGlobalSection
	GlobalSection(NestedProjects) = preSolution
		{A7235BA6-1A88-3EA5-F72D-F758CE888719} = {827E0CD3-B72D-47B6-A68D-7590B98EB39B}
		{1DFAB6FF-A21A-4CE2-B761-A928937B4166} = {B36A84DF-456D-A817-6EDD-3EC3E7F6E11F}
		{2319F040-9A18-4B43-9AB0-EADD7F5EA69B} = {B36A84DF-456D-A817-6EDD-3EC3E7F6E11F}
		{D66BE4A7-9C11-4D75-B09E-DD8E8999B2E5} = {B36A84DF-456D-A817-6EDD-3EC3E7F6E11F}
	EndGlobalSection
	GlobalSection(ExtensibilityGlobals) = postSolution
		SolutionGuid = {C90CB44E-C115-4B89-B6E7-A541EEF67202}
	EndGlobalSection
EndGlobal
